
Microsoft Visual Studio Solution File, Format Version 12.00
# Visual Studio 15
VisualStudioVersion = 15.0.28307.421
MinimumVisualStudioVersion = 10.0.40219.1
Project("{FAE04EC0-301F-11D3-BF4B-00C04F79EFBC}") = "Practica1_UI", "Practica1_UI.csproj", "{36910E2A-B239-4FF7-A9A5-6439FB88162E}"
EndProject
Project("{FAE04EC0-301F-11D3-BF4B-00C04F79EFBC}") = "Algoritmia", "..\Algoritmia\Algoritmia.csproj", "{9A079A93-44DF-4B44-AFE1-560E579716A8}"
EndProject
Project("{FAE04EC0-301F-11D3-BF4B-00C04F79EFBC}") = "AlgoritmiaTest", "..\AlgoritmiaTest\AlgoritmiaTest.csproj", "{9BD66A94-EC93-4BE1-A624-96252CC5E4A4}"
EndProject
Project("{FAE04EC0-301F-11D3-BF4B-00C04F79EFBC}") = "Priority Queue", "..\Priority Queue\Priority Queue.csproj", "{1531C1EA-BD53-41D1-A34B-CFCDF79D2651}"
EndProject
Global
	GlobalSection(SolutionConfigurationPlatforms) = preSolution
		Debug|Any CPU = Debug|Any CPU
		Release 2.0|Any CPU = Release 2.0|Any CPU
		Release 4.5|Any CPU = Release 4.5|Any CPU
		Release|Any CPU = Release|Any CPU
	EndGlobalSection
	GlobalSection(ProjectConfigurationPlatforms) = postSolution
		{36910E2A-B239-4FF7-A9A5-6439FB88162E}.Debug|Any CPU.ActiveCfg = Debug|Any CPU
		{36910E2A-B239-4FF7-A9A5-6439FB88162E}.Debug|Any CPU.Build.0 = Debug|Any CPU
		{36910E2A-B239-4FF7-A9A5-6439FB88162E}.Release 2.0|Any CPU.ActiveCfg = Release|Any CPU
		{36910E2A-B239-4FF7-A9A5-6439FB88162E}.Release 2.0|Any CPU.Build.0 = Release|Any CPU
		{36910E2A-B239-4FF7-A9A5-6439FB88162E}.Release 4.5|Any CPU.ActiveCfg = Release|Any CPU
		{36910E2A-B239-4FF7-A9A5-6439FB88162E}.Release 4.5|Any CPU.Build.0 = Release|Any CPU
		{36910E2A-B239-4FF7-A9A5-6439FB88162E}.Release|Any CPU.ActiveCfg = Release|Any CPU
		{36910E2A-B239-4FF7-A9A5-6439FB88162E}.Release|Any CPU.Build.0 = Release|Any CPU
		{9A079A93-44DF-4B44-AFE1-560E579716A8}.Debug|Any CPU.ActiveCfg = Debug|Any CPU
		{9A079A93-44DF-4B44-AFE1-560E579716A8}.Debug|Any CPU.Build.0 = Debug|Any CPU
		{9A079A93-44DF-4B44-AFE1-560E579716A8}.Release 2.0|Any CPU.ActiveCfg = Release|Any CPU
		{9A079A93-44DF-4B44-AFE1-560E579716A8}.Release 2.0|Any CPU.Build.0 = Release|Any CPU
		{9A079A93-44DF-4B44-AFE1-560E579716A8}.Release 4.5|Any CPU.ActiveCfg = Release|Any CPU
		{9A079A93-44DF-4B44-AFE1-560E579716A8}.Release 4.5|Any CPU.Build.0 = Release|Any CPU
		{9A079A93-44DF-4B44-AFE1-560E579716A8}.Release|Any CPU.ActiveCfg = Release|Any CPU
		{9A079A93-44DF-4B44-AFE1-560E579716A8}.Release|Any CPU.Build.0 = Release|Any CPU
		{9BD66A94-EC93-4BE1-A624-96252CC5E4A4}.Debug|Any CPU.ActiveCfg = Debug|Any CPU
		{9BD66A94-EC93-4BE1-A624-96252CC5E4A4}.Debug|Any CPU.Build.0 = Debug|Any CPU
		{9BD66A94-EC93-4BE1-A624-96252CC5E4A4}.Release 2.0|Any CPU.ActiveCfg = Release|Any CPU
		{9BD66A94-EC93-4BE1-A624-96252CC5E4A4}.Release 2.0|Any CPU.Build.0 = Release|Any CPU
		{9BD66A94-EC93-4BE1-A624-96252CC5E4A4}.Release 4.5|Any CPU.ActiveCfg = Release|Any CPU
		{9BD66A94-EC93-4BE1-A624-96252CC5E4A4}.Release 4.5|Any CPU.Build.0 = Release|Any CPU
		{9BD66A94-EC93-4BE1-A624-96252CC5E4A4}.Release|Any CPU.ActiveCfg = Release|Any CPU
		{9BD66A94-EC93-4BE1-A624-96252CC5E4A4}.Release|Any CPU.Build.0 = Release|Any CPU
		{1531C1EA-BD53-41D1-A34B-CFCDF79D2651}.Debug|Any CPU.ActiveCfg = Debug|Any CPU
		{1531C1EA-BD53-41D1-A34B-CFCDF79D2651}.Debug|Any CPU.Build.0 = Debug|Any CPU
		{1531C1EA-BD53-41D1-A34B-CFCDF79D2651}.Release 2.0|Any CPU.ActiveCfg = Release 2.0|Any CPU
		{1531C1EA-BD53-41D1-A34B-CFCDF79D2651}.Release 2.0|Any CPU.Build.0 = Release 2.0|Any CPU
		{1531C1EA-BD53-41D1-A34B-CFCDF79D2651}.Release 4.5|Any CPU.ActiveCfg = Release 4.5|Any CPU
		{1531C1EA-BD53-41D1-A34B-CFCDF79D2651}.Release 4.5|Any CPU.Build.0 = Release 4.5|Any CPU
		{1531C1EA-BD53-41D1-A34B-CFCDF79D2651}.Release|Any CPU.ActiveCfg = Release|Any CPU
		{1531C1EA-BD53-41D1-A34B-CFCDF79D2651}.Release|Any CPU.Build.0 = Release|Any CPU
	EndGlobalSection
	GlobalSection(SolutionProperties) = preSolution
		HideSolutionNode = FALSE
	EndGlobalSection
	GlobalSection(ExtensibilityGlobals) = postSolution
		SolutionGuid = {AF9BAF41-81D6-418C-AA36-2615BCEE0CB7}
	EndGlobalSection
EndGlobal
